// !$*UTF8*$!
{
	archiveVersion = 1;
	classes = {
	};
	objectVersion = 46;
	objects = {

/* Begin PBXBuildFile section */
		D04A74451BEFAD8B002F1D85 /* main.m in Sources */ = {isa = PBXBuildFile; fileRef = D04A74441BEFAD8B002F1D85 /* main.m */; };
		D04A74481BEFAD8B002F1D85 /* AppDelegate.m in Sources */ = {isa = PBXBuildFile; fileRef = D04A74471BEFAD8B002F1D85 /* AppDelegate.m */; };
		D04A744B1BEFAD8B002F1D85 /* ViewController.m in Sources */ = {isa = PBXBuildFile; fileRef = D04A744A1BEFAD8B002F1D85 /* ViewController.m */; };
		D04A744E1BEFAD8B002F1D85 /* Main.storyboard in Resources */ = {isa = PBXBuildFile; fileRef = D04A744C1BEFAD8B002F1D85 /* Main.storyboard */; };
		D04A74501BEFAD8B002F1D85 /* Assets.xcassets in Resources */ = {isa = PBXBuildFile; fileRef = D04A744F1BEFAD8B002F1D85 /* Assets.xcassets */; };
		D04A74531BEFAD8B002F1D85 /* LaunchScreen.storyboard in Resources */ = {isa = PBXBuildFile; fileRef = D04A74511BEFAD8B002F1D85 /* LaunchScreen.storyboard */; };
		D04A745F1BEFADBE002F1D85 /* YSLCardView.m in Sources */ = {isa = PBXBuildFile; fileRef = D04A745C1BEFADBE002F1D85 /* YSLCardView.m */; };
		D04A74601BEFADBE002F1D85 /* YSLDraggableCardContainer.m in Sources */ = {isa = PBXBuildFile; fileRef = D04A745E1BEFADBE002F1D85 /* YSLDraggableCardContainer.m */; };
		D04A74631BEFAE85002F1D85 /* CardView.m in Sources */ = {isa = PBXBuildFile; fileRef = D04A74621BEFAE85002F1D85 /* CardView.m */; };
		D04A746C1BEFAF4B002F1D85 /* photo_sample_01.png in Resources */ = {isa = PBXBuildFile; fileRef = D04A74651BEFAF4B002F1D85 /* photo_sample_01.png */; };
		D04A746D1BEFAF4B002F1D85 /* photo_sample_02.png in Resources */ = {isa = PBXBuildFile; fileRef = D04A74661BEFAF4B002F1D85 /* photo_sample_02.png */; };
		D04A746E1BEFAF4B002F1D85 /* photo_sample_03.png in Resources */ = {isa = PBXBuildFile; fileRef = D04A74671BEFAF4B002F1D85 /* photo_sample_03.png */; };
		D04A746F1BEFAF4B002F1D85 /* photo_sample_04.png in Resources */ = {isa = PBXBuildFile; fileRef = D04A74681BEFAF4B002F1D85 /* photo_sample_04.png */; };
		D04A74701BEFAF4B002F1D85 /* photo_sample_05.png in Resources */ = {isa = PBXBuildFile; fileRef = D04A74691BEFAF4B002F1D85 /* photo_sample_05.png */; };
		D04A74711BEFAF4B002F1D85 /* photo_sample_06.png in Resources */ = {isa = PBXBuildFile; fileRef = D04A746A1BEFAF4B002F1D85 /* photo_sample_06.png */; };
		D04A74721BEFAF4B002F1D85 /* photo_sample_07.png in Resources */ = {isa = PBXBuildFile; fileRef = D04A746B1BEFAF4B002F1D85 /* photo_sample_07.png */; };
/* End PBXBuildFile section */

/* Begin PBXFileReference section */
		D04A74401BEFAD8B002F1D85 /* YSLDraggingCardContainerDemo.app */ = {isa = PBXFileReference; explicitFileType = wrapper.application; includeInIndex = 0; path = YSLDraggingCardContainerDemo.app; sourceTree = BUILT_PRODUCTS_DIR; };
		D04A74441BEFAD8B002F1D85 /* main.m */ = {isa = PBXFileReference; lastKnownFileType = sourcecode.c.objc; path = main.m; sourceTree = "<group>"; };
		D04A74461BEFAD8B002F1D85 /* AppDelegate.h */ = {isa = PBXFileReference; lastKnownFileType = sourcecode.c.h; path = AppDelegate.h; sourceTree = "<group>"; };
		D04A74471BEFAD8B002F1D85 /* AppDelegate.m */ = {isa = PBXFileReference; lastKnownFileType = sourcecode.c.objc; path = AppDelegate.m; sourceTree = "<group>"; };
		D04A74491BEFAD8B002F1D85 /* ViewController.h */ = {isa = PBXFileReference; lastKnownFileType = sourcecode.c.h; path = ViewController.h; sourceTree = "<group>"; };
		D04A744A1BEFAD8B002F1D85 /* ViewController.m */ = {isa = PBXFileReference; lastKnownFileType = sourcecode.c.objc; path = ViewController.m; sourceTree = "<group>"; };
		D04A744D1BEFAD8B002F1D85 /* Base */ = {isa = PBXFileReference; lastKnownFileType = file.storyboard; name = Base; path = Base.lproj/Main.storyboard; sourceTree = "<group>"; };
		D04A744F1BEFAD8B002F1D85 /* Assets.xcassets */ = {isa = PBXFileReference; lastKnownFileType = folder.assetcatalog; path = Assets.xcassets; sourceTree = "<group>"; };
		D04A74521BEFAD8B002F1D85 /* Base */ = {isa = PBXFileReference; lastKnownFileType = file.storyboard; name = Base; path = Base.lproj/LaunchScreen.storyboard; sourceTree = "<group>"; };
		D04A74541BEFAD8B002F1D85 /* Info.plist */ = {isa = PBXFileReference; lastKnownFileType = text.plist.xml; path = Info.plist; sourceTree = "<group>"; };
		D04A745B1BEFADBE002F1D85 /* YSLCardView.h */ = {isa = PBXFileReference; fileEncoding = 4; lastKnownFileType = sourcecode.c.h; path = YSLCardView.h; sourceTree = "<group>"; };
		D04A745C1BEFADBE002F1D85 /* YSLCardView.m */ = {isa = PBXFileReference; fileEncoding = 4; lastKnownFileType = sourcecode.c.objc; path = YSLCardView.m; sourceTree = "<group>"; };
		D04A745D1BEFADBE002F1D85 /* YSLDraggableCardContainer.h */ = {isa = PBXFileReference; fileEncoding = 4; lastKnownFileType = sourcecode.c.h; path = YSLDraggableCardContainer.h; sourceTree = "<group>"; };
		D04A745E1BEFADBE002F1D85 /* YSLDraggableCardContainer.m */ = {isa = PBXFileReference; fileEncoding = 4; lastKnownFileType = sourcecode.c.objc; path = YSLDraggableCardContainer.m; sourceTree = "<group>"; };
		D04A74611BEFAE85002F1D85 /* CardView.h */ = {isa = PBXFileReference; fileEncoding = 4; lastKnownFileType = sourcecode.c.h; path = CardView.h; sourceTree = "<group>"; };
		D04A74621BEFAE85002F1D85 /* CardView.m */ = {isa = PBXFileReference; fileEncoding = 4; lastKnownFileType = sourcecode.c.objc; path = CardView.m; sourceTree = "<group>"; };
		D04A74651BEFAF4B002F1D85 /* photo_sample_01.png */ = {isa = PBXFileReference; lastKnownFileType = image.png; path = photo_sample_01.png; sourceTree = "<group>"; };
		D04A74661BEFAF4B002F1D85 /* photo_sample_02.png */ = {isa = PBXFileReference; lastKnownFileType = image.png; path = photo_sample_02.png; sourceTree = "<group>"; };
		D04A74671BEFAF4B002F1D85 /* photo_sample_03.png */ = {isa = PBXFileReference; lastKnownFileType = image.png; path = photo_sample_03.png; sourceTree = "<group>"; };
		D04A74681BEFAF4B002F1D85 /* photo_sample_04.png */ = {isa = PBXFileReference; lastKnownFileType = image.png; path = photo_sample_04.png; sourceTree = "<group>"; };
		D04A74691BEFAF4B002F1D85 /* photo_sample_05.png */ = {isa = PBXFileReference; lastKnownFileType = image.png; path = photo_sample_05.png; sourceTree = "<group>"; };
		D04A746A1BEFAF4B002F1D85 /* photo_sample_06.png */ = {isa = PBXFileReference; lastKnownFileType = image.png; path = photo_sample_06.png; sourceTree = "<group>"; };
		D04A746B1BEFAF4B002F1D85 /* photo_sample_07.png */ = {isa = PBXFileReference; lastKnownFileType = image.png; path = photo_sample_07.png; sourceTree = "<group>"; };
/* End PBXFileReference section */

/* Begin PBXFrameworksBuildPhase section */
		D04A743D1BEFAD8B002F1D85 /* Frameworks */ = {
			isa = PBXFrameworksBuildPhase;
			buildActionMask = 2147483647;
			files = (
			);
			runOnlyForDeploymentPostprocessing = 0;
		};
/* End PBXFrameworksBuildPhase section */

/* Begin PBXGroup section */
		D04A74371BEFAD8B002F1D85 = {
			isa = PBXGroup;
			children = (
				D04A74421BEFAD8B002F1D85 /* YSLDraggingCardContainerDemo */,
				D04A74411BEFAD8B002F1D85 /* Products */,
			);
			sourceTree = "<group>";
		};
		D04A74411BEFAD8B002F1D85 /* Products */ = {
			isa = PBXGroup;
			children = (
				D04A74401BEFAD8B002F1D85 /* YSLDraggingCardContainerDemo.app */,
			);
			name = Products;
			sourceTree = "<group>";
		};
		D04A74421BEFAD8B002F1D85 /* YSLDraggingCardContainerDemo */ = {
			isa = PBXGroup;
			children = (
				D04A745A1BEFADBE002F1D85 /* YSLDraggingCardContainer */,
				D04A74461BEFAD8B002F1D85 /* AppDelegate.h */,
				D04A74471BEFAD8B002F1D85 /* AppDelegate.m */,
				D04A74491BEFAD8B002F1D85 /* ViewController.h */,
				D04A744A1BEFAD8B002F1D85 /* ViewController.m */,
				D04A74611BEFAE85002F1D85 /* CardView.h */,
				D04A74621BEFAE85002F1D85 /* CardView.m */,
				D04A744C1BEFAD8B002F1D85 /* Main.storyboard */,
				D04A744F1BEFAD8B002F1D85 /* Assets.xcassets */,
				D04A74511BEFAD8B002F1D85 /* LaunchScreen.storyboard */,
				D04A74541BEFAD8B002F1D85 /* Info.plist */,
				D04A74641BEFAF4B002F1D85 /* Resources */,
				D04A74431BEFAD8B002F1D85 /* Supporting Files */,
			);
			path = YSLDraggingCardContainerDemo;
			sourceTree = "<group>";
		};
		D04A74431BEFAD8B002F1D85 /* Supporting Files */ = {
			isa = PBXGroup;
			children = (
				D04A74441BEFAD8B002F1D85 /* main.m */,
			);
			name = "Supporting Files";
			sourceTree = "<group>";
		};
		D04A745A1BEFADBE002F1D85 /* YSLDraggingCardContainer */ = {
			isa = PBXGroup;
			children = (
				D04A745B1BEFADBE002F1D85 /* YSLCardView.h */,
				D04A745C1BEFADBE002F1D85 /* YSLCardView.m */,
				D04A745D1BEFADBE002F1D85 /* YSLDraggableCardContainer.h */,
				D04A745E1BEFADBE002F1D85 /* YSLDraggableCardContainer.m */,
			);
			path = YSLDraggingCardContainer;
			sourceTree = SOURCE_ROOT;
		};
		D04A74641BEFAF4B002F1D85 /* Resources */ = {
			isa = PBXGroup;
			children = (
				D04A74651BEFAF4B002F1D85 /* photo_sample_01.png */,
				D04A74661BEFAF4B002F1D85 /* photo_sample_02.png */,
				D04A74671BEFAF4B002F1D85 /* photo_sample_03.png */,
				D04A74681BEFAF4B002F1D85 /* photo_sample_04.png */,
				D04A74691BEFAF4B002F1D85 /* photo_sample_05.png */,
				D04A746A1BEFAF4B002F1D85 /* photo_sample_06.png */,
				D04A746B1BEFAF4B002F1D85 /* photo_sample_07.png */,
			);
			path = Resources;
			sourceTree = "<group>";
		};
/* End PBXGroup section */

/* Begin PBXNativeTarget section */
		D04A743F1BEFAD8B002F1D85 /* YSLDraggingCardContainerDemo */ = {
			isa = PBXNativeTarget;
			buildConfigurationList = D04A74571BEFAD8B002F1D85 /* Build configuration list for PBXNativeTarget "YSLDraggingCardContainerDemo" */;
			buildPhases = (
				D04A743C1BEFAD8B002F1D85 /* Sources */,
				D04A743D1BEFAD8B002F1D85 /* Frameworks */,
				D04A743E1BEFAD8B002F1D85 /* Resources */,
			);
			buildRules = (
			);
			dependencies = (
			);
			name = YSLDraggingCardContainerDemo;
			productName = YSLDraggingCardContainerDemo;
			productReference = D04A74401BEFAD8B002F1D85 /* YSLDraggingCardContainerDemo.app */;
			productType = "com.apple.product-type.application";
		};
/* End PBXNativeTarget section */

/* Begin PBXProject section */
		D04A74381BEFAD8B002F1D85 /* Project object */ = {
			isa = PBXProject;
			attributes = {
				LastUpgradeCheck = 0710;
				ORGANIZATIONNAME = h.yamaguchi;
				TargetAttributes = {
					D04A743F1BEFAD8B002F1D85 = {
						CreatedOnToolsVersion = 7.1;
					};
				};
			};
			buildConfigurationList = D04A743B1BEFAD8B002F1D85 /* Build configuration list for PBXProject "YSLDraggingCardContainerDemo" */;
			compatibilityVersion = "Xcode 3.2";
			developmentRegion = English;
			hasScannedForEncodings = 0;
			knownRegions = (
				en,
				Base,
			);
			mainGroup = D04A74371BEFAD8B002F1D85;
			productRefGroup = D04A74411BEFAD8B002F1D85 /* Products */;
			projectDirPath = "";
			projectRoot = "";
			targets = (
				D04A743F1BEFAD8B002F1D85 /* YSLDraggingCardContainerDemo */,
			);
		};
/* End PBXProject section */

/* Begin PBXResourcesBuildPhase section */
		D04A743E1BEFAD8B002F1D85 /* Resources */ = {
			isa = PBXResourcesBuildPhase;
			buildActionMask = 2147483647;
			files = (
				D04A746F1BEFAF4B002F1D85 /* photo_sample_04.png in Resources */,
				D04A74721BEFAF4B002F1D85 /* photo_sample_07.png in Resources */,
				D04A74531BEFAD8B002F1D85 /* LaunchScreen.storyboard in Resources */,
				D04A746D1BEFAF4B002F1D85 /* photo_sample_02.png in Resources */,
				D04A746C1BEFAF4B002F1D85 /* photo_sample_01.png in Resources */,
				D04A74501BEFAD8B002F1D85 /* Assets.xcassets in Resources */,
				D04A74711BEFAF4B002F1D85 /* photo_sample_06.png in Resources */,
				D04A74701BEFAF4B002F1D85 /* photo_sample_05.png in Resources */,
				D04A744E1BEFAD8B002F1D85 /* Main.storyboard in Resources */,
				D04A746E1BEFAF4B002F1D85 /* photo_sample_03.png in Resources */,
			);
			runOnlyForDeploymentPostprocessing = 0;
		};
/* End PBXResourcesBuildPhase section */

/* Begin PBXSourcesBuildPhase section */
		D04A743C1BEFAD8B002F1D85 /* Sources */ = {
			isa = PBXSourcesBuildPhase;
			buildActionMask = 2147483647;
			files = (
				D04A74631BEFAE85002F1D85 /* CardView.m in Sources */,
				D04A74601BEFADBE002F1D85 /* YSLDraggableCardContainer.m in Sources */,
				D04A744B1BEFAD8B002F1D85 /* ViewController.m in Sources */,
				D04A745F1BEFADBE002F1D85 /* YSLCardView.m in Sources */,
				D04A74481BEFAD8B002F1D85 /* AppDelegate.m in Sources */,
				D04A74451BEFAD8B002F1D85 /* main.m in Sources */,
			);
			runOnlyForDeploymentPostprocessing = 0;
		};
/* End PBXSourcesBuildPhase section */

/* Begin PBXVariantGroup section */
		D04A744C1BEFAD8B002F1D85 /* Main.storyboard */ = {
			isa = PBXVariantGroup;
			children = (
				D04A744D1BEFAD8B002F1D85 /* Base */,
			);
			name = Main.storyboard;
			sourceTree = "<group>";
		};
		D04A74511BEFAD8B002F1D85 /* LaunchScreen.storyboard */ = {
			isa = PBXVariantGroup;
			children = (
				D04A74521BEFAD8B002F1D85 /* Base */,
			);
			name = LaunchScreen.storyboard;
			sourceTree = "<group>";
		};
/* End PBXVariantGroup section */

/* Begin XCBuildConfiguration section */
		D04A74551BEFAD8B002F1D85 /* Debug */ = {
			isa = XCBuildConfiguration;
			buildSettings = {
				ALWAYS_SEARCH_USER_PATHS = NO;
				CLANG_CXX_LANGUAGE_STANDARD = "gnu++0x";
				CLANG_CXX_LIBRARY = "libc++";
				CLANG_ENABLE_MODULES = YES;
				CLANG_ENABLE_OBJC_ARC = YES;
				CLANG_WARN_BOOL_CONVERSION = YES;
				CLANG_WARN_CONSTANT_CONVERSION = YES;
				CLANG_WARN_DIRECT_OBJC_ISA_USAGE = YES_ERROR;
				CLANG_WARN_EMPTY_BODY = YES;
				CLANG_WARN_ENUM_CONVERSION = YES;
				CLANG_WARN_INT_CONVERSION = YES;
				CLANG_WARN_OBJC_ROOT_CLASS = YES_ERROR;
				CLANG_WARN_UNREACHABLE_CODE = YES;
				CLANG_WARN__DUPLICATE_METHOD_MATCH = YES;
				"CODE_SIGN_IDENTITY[sdk=iphoneos*]" = "iPhone Developer";
				COPY_PHASE_STRIP = NO;
				DEBUG_INFORMATION_FORMAT = dwarf;
				ENABLE_STRICT_OBJC_MSGSEND = YES;
				ENABLE_TESTABILITY = YES;
				GCC_C_LANGUAGE_STANDARD = gnu99;
				GCC_DYNAMIC_NO_PIC = NO;
				GCC_NO_COMMON_BLOCKS = YES;
				GCC_OPTIMIZATION_LEVEL = 0;
				GCC_PREPROCESSOR_DEFINITIONS = (
					"DEBUG=1",
					"$(inherited)",
				);
				GCC_WARN_64_TO_32_BIT_CONVERSION = YES;
				GCC_WARN_ABOUT_RETURN_TYPE = YES_ERROR;
				GCC_WARN_UNDECLARED_SELECTOR = YES;
				GCC_WARN_UNINITIALIZED_AUTOS = YES_AGGRESSIVE;
				GCC_WARN_UNUSED_FUNCTION = YES;
				GCC_WARN_UNUSED_VARIABLE = YES;
				IPHONEOS_DEPLOYMENT_TARGET = 9.1;
				MTL_ENABLE_DEBUG_INFO = YES;
				ONLY_ACTIVE_ARCH = YES;
				SDKROOT = iphoneos;
			};
			name = Debug;
		};
		D04A74561BEFAD8B002F1D85 /* Release */ = {
			isa = XCBuildConfiguration;
			buildSettings = {
				ALWAYS_SEARCH_USER_PATHS = NO;
				CLANG_CXX_LANGUAGE_STANDARD = "gnu++0x";
				CLANG_CXX_LIBRARY = "libc++";
				CLANG_ENABLE_MODULES = YES;
				CLANG_ENABLE_OBJC_ARC = YES;
				CLANG_WARN_BOOL_CONVERSION = YES;
				CLANG_WARN_CONSTANT_CONVERSION = YES;
				CLANG_WARN_DIRECT_OBJC_ISA_USAGE = YES_ERROR;
				CLANG_WARN_EMPTY_BODY = YES;
				CLANG_WARN_ENUM_CONVERSION = YES;
				CLANG_WARN_INT_CONVERSION = YES;
				CLANG_WARN_OBJC_ROOT_CLASS = YES_ERROR;
				CLANG_WARN_UNREACHABLE_CODE = YES;
				CLANG_WARN__DUPLICATE_METHOD_MATCH = YES;
				"CODE_SIGN_IDENTITY[sdk=iphoneos*]" = "iPhone Developer";
				COPY_PHASE_STRIP = NO;
				DEBUG_INFORMATION_FORMAT = "dwarf-with-dsym";
				ENABLE_NS_ASSERTIONS = NO;
				ENABLE_STRICT_OBJC_MSGSEND = YES;
				GCC_C_LANGUAGE_STANDARD = gnu99;
				GCC_NO_COMMON_BLOCKS = YES;
				GCC_WARN_64_TO_32_BIT_CONVERSION = YES;
				GCC_WARN_ABOUT_RETURN_TYPE = YES_ERROR;
				GCC_WARN_UNDECLARED_SELECTOR = YES;
				GCC_WARN_UNINITIALIZED_AUTOS = YES_AGGRESSIVE;
				GCC_WARN_UNUSED_FUNCTION = YES;
				GCC_WARN_UNUSED_VARIABLE = YES;
				IPHONEOS_DEPLOYMENT_TARGET = 9.1;
				MTL_ENABLE_DEBUG_INFO = NO;
				SDKROOT = iphoneos;
				VALIDATE_PRODUCT = YES;
			};
			name = Release;
		};
		D04A74581BEFAD8B002F1D85 /* Debug */ = {
			isa = XCBuildConfiguration;
			buildSettings = {
				ASSETCATALOG_COMPILER_APPICON_NAME = AppIcon;
				INFOPLIST_FILE = YSLDraggingCardContainerDemo/Info.plist;
				IPHONEOS_DEPLOYMENT_TARGET = 7.0;
				LD_RUNPATH_SEARCH_PATHS = "$(inherited) @executable_path/Frameworks";
				PRODUCT_BUNDLE_IDENTIFIER = "jp.-.YSLDraggingCardContainerDemo";
				PRODUCT_NAME = "$(TARGET_NAME)";
			};
			name = Debug;
		};
		D04A74591BEFAD8B002F1D85 /* Release */ = {
			isa = XCBuildConfiguration;
			buildSettings = {
				ASSETCATALOG_COMPILER_APPICON_NAME = AppIcon;
				INFOPLIST_FILE = YSLDraggingCardContainerDemo/Info.plist;
				IPHONEOS_DEPLOYMENT_TARGET = 7.0;
				LD_RUNPATH_SEARCH_PATHS = "$(inherited) @executable_path/Frameworks";
				PRODUCT_BUNDLE_IDENTIFIER = "jp.-.YSLDraggingCardContainerDemo";
				PRODUCT_NAME = "$(TARGET_NAME)";
			};
			name = Release;
		};
/* End XCBuildConfiguration section */

/* Begin XCConfigurationList section */
		D04A743B1BEFAD8B002F1D85 /* Build configuration list for PBXProject "YSLDraggingCardContainerDemo" */ = {
			isa = XCConfigurationList;
			buildConfigurations = (
				D04A74551BEFAD8B002F1D85 /* Debug */,
				D04A74561BEFAD8B002F1D85 /* Release */,
			);
			defaultConfigurationIsVisible = 0;
			defaultConfigurationName = Release;
		};
		D04A74571BEFAD8B002F1D85 /* Build configuration list for PBXNativeTarget "YSLDraggingCardContainerDemo" */ = {
			isa = XCConfigurationList;
			buildConfigurations = (
				D04A74581BEFAD8B002F1D85 /* Debug */,
				D04A74591BEFAD8B002F1D85 /* Release */,
			);
			defaultConfigurationIsVisible = 0;
			defaultConfigurationName = Release;
		};
/* End XCConfigurationList section */
	};
	rootObject = D04A74381BEFAD8B002F1D85 /* Project object */;
}
